
Microsoft Visual Studio Solution File, Format Version 11.00
# Visual Studio 2010 Express for Windows Phone
Project("{FAE04EC0-301F-11D3-BF4B-00C04F79EFBC}") = "ATLS_4519_lab10", "ATLS_4519_lab10\ATLS_4519_lab10\ATLS_4519_lab10.csproj", "{3A13A968-480E-4D46-AF63-4A9326CAFBF0}"
EndProject
Project("{96E2B04D-8817-42C6-938A-82C39BA4D311}") = "ATLS_4519_lab10Content", "ATLS_4519_lab10\ATLS_4519_lab10Content\ATLS_4519_lab10Content.contentproj", "{9F9FA487-4514-436E-8FFF-47237E0C92A4}"
EndProject
Global
	GlobalSection(SolutionConfigurationPlatforms) = preSolution
		Debug|x86 = Debug|x86
		Release|x86 = Release|x86
	EndGlobalSection
	GlobalSection(ProjectConfigurationPlatforms) = postSolution
		{3A13A968-480E-4D46-AF63-4A9326CAFBF0}.Debug|x86.ActiveCfg = Debug|x86
		{3A13A968-480E-4D46-AF63-4A9326CAFBF0}.Debug|x86.Build.0 = Debug|x86
		{3A13A968-480E-4D46-AF63-4A9326CAFBF0}.Release|x86.ActiveCfg = Release|x86
		{3A13A968-480E-4D46-AF63-4A9326CAFBF0}.Release|x86.Build.0 = Release|x86
		{9F9FA487-4514-436E-8FFF-47237E0C92A4}.Debug|x86.ActiveCfg = Debug|x86
		{9F9FA487-4514-436E-8FFF-47237E0C92A4}.Release|x86.ActiveCfg = Release|x86
	EndGlobalSection
	GlobalSection(SolutionProperties) = preSolution
		HideSolutionNode = FALSE
	EndGlobalSection
EndGlobal
